
Microsoft Visual Studio Solution File, Format Version 12.00
# Visual Studio 2013
VisualStudioVersion = 12.0.21005.1
MinimumVisualStudioVersion = 10.0.40219.1
Project("{FAE04EC0-301F-11D3-BF4B-00C04F79EFBC}") = "Insuarence.Domain", "Insuarence.Domain\Insuarence.Domain.csproj", "{F4A63E11-E9FC-4D36-820D-45297489E5E9}"
EndProject
Project("{FAE04EC0-301F-11D3-BF4B-00C04F79EFBC}") = "Insuarance.WebUI", "Insuarance.WebUI\Insuarance.WebUI.csproj", "{F16DC8C6-9869-4662-B711-B6C6B837A59C}"
EndProject
Global
	GlobalSection(SolutionConfigurationPlatforms) = preSolution
		Debug|Any CPU = Debug|Any CPU
		Release|Any CPU = Release|Any CPU
	EndGlobalSection
	GlobalSection(ProjectConfigurationPlatforms) = postSolution
		{F4A63E11-E9FC-4D36-820D-45297489E5E9}.Debug|Any CPU.ActiveCfg = Debug|Any CPU
		{F4A63E11-E9FC-4D36-820D-45297489E5E9}.Debug|Any CPU.Build.0 = Debug|Any CPU
		{F4A63E11-E9FC-4D36-820D-45297489E5E9}.Release|Any CPU.ActiveCfg = Release|Any CPU
		{F4A63E11-E9FC-4D36-820D-45297489E5E9}.Release|Any CPU.Build.0 = Release|Any CPU
		{F16DC8C6-9869-4662-B711-B6C6B837A59C}.Debug|Any CPU.ActiveCfg = Debug|Any CPU
		{F16DC8C6-9869-4662-B711-B6C6B837A59C}.Debug|Any CPU.Build.0 = Debug|Any CPU
		{F16DC8C6-9869-4662-B711-B6C6B837A59C}.Release|Any CPU.ActiveCfg = Release|Any CPU
		{F16DC8C6-9869-4662-B711-B6C6B837A59C}.Release|Any CPU.Build.0 = Release|Any CPU
	EndGlobalSection
	GlobalSection(SolutionProperties) = preSolution
		HideSolutionNode = FALSE
	EndGlobalSection
EndGlobal
